
Microsoft Visual Studio Solution File, Format Version 12.00
# Visual Studio 2013
VisualStudioVersion = 12.0.40629.0
MinimumVisualStudioVersion = 10.0.40219.1
Project("{FAE04EC0-301F-11D3-BF4B-00C04F79EFBC}") = "Array_Practice", "Array_Practice\Array_Practice.csproj", "{2855D87D-6347-44C9-AD08-F85C1F0D357C}"
EndProject
Global
	GlobalSection(SolutionConfigurationPlatforms) = preSolution
		Debug|Any CPU = Debug|Any CPU
		Release|Any CPU = Release|Any CPU
	EndGlobalSection
	GlobalSection(ProjectConfigurationPlatforms) = postSolution
		{2855D87D-6347-44C9-AD08-F85C1F0D357C}.Debug|Any CPU.ActiveCfg = Debug|Any CPU
		{2855D87D-6347-44C9-AD08-F85C1F0D357C}.Debug|Any CPU.Build.0 = Debug|Any CPU
		{2855D87D-6347-44C9-AD08-F85C1F0D357C}.Release|Any CPU.ActiveCfg = Release|Any CPU
		{2855D87D-6347-44C9-AD08-F85C1F0D357C}.Release|Any CPU.Build.0 = Release|Any CPU
	EndGlobalSection
	GlobalSection(SolutionProperties) = preSolution
		HideSolutionNode = FALSE
	EndGlobalSection
EndGlobal
